
Microsoft Visual Studio Solution File, Format Version 12.00
# Visual Studio Version 17
VisualStudioVersion = 17.0.31903.59
MinimumVisualStudioVersion = 10.0.40219.1
Project("{2150E333-8FDC-42A3-9474-1A3956D46DE8}") = "src", "src", "{F069604A-51A6-481D-8356-DFD1BFE8F938}"
EndProject
Project("{FAE04EC0-301F-11D3-BF4B-00C04F79EFBC}") = "AuctionService", "src\AuctionService\AuctionService.csproj", "{0DE6CFF6-672A-4EE8-93F1-0D4F29508603}"
EndProject
Project("{FAE04EC0-301F-11D3-BF4B-00C04F79EFBC}") = "SearchService", "src\SearchService\SearchService.csproj", "{5242E9C8-0518-4154-BF7C-44FDDA64E924}"
EndProject
Project("{FAE04EC0-301F-11D3-BF4B-00C04F79EFBC}") = "Contracts", "src\Contracts\Contracts.csproj", "{FD19C93D-2FB2-422C-9E92-32575894DE5D}"
EndProject
Project("{FAE04EC0-301F-11D3-BF4B-00C04F79EFBC}") = "IdentityService", "src\IdentityService\IdentityService.csproj", "{1BF9F5C7-56CF-48BC-B3DD-2A154DAA4E76}"
EndProject
Project("{FAE04EC0-301F-11D3-BF4B-00C04F79EFBC}") = "GatewayService", "src\GatewayService\GatewayService.csproj", "{C3EE51D1-6F54-4272-8AAC-0F39D9B95053}"
EndProject
Global
	GlobalSection(SolutionConfigurationPlatforms) = preSolution
		Debug|Any CPU = Debug|Any CPU
		Release|Any CPU = Release|Any CPU
	EndGlobalSection
	GlobalSection(SolutionProperties) = preSolution
		HideSolutionNode = FALSE
	EndGlobalSection
	GlobalSection(ProjectConfigurationPlatforms) = postSolution
		{0DE6CFF6-672A-4EE8-93F1-0D4F29508603}.Debug|Any CPU.ActiveCfg = Debug|Any CPU
		{0DE6CFF6-672A-4EE8-93F1-0D4F29508603}.Debug|Any CPU.Build.0 = Debug|Any CPU
		{0DE6CFF6-672A-4EE8-93F1-0D4F29508603}.Release|Any CPU.ActiveCfg = Release|Any CPU
		{0DE6CFF6-672A-4EE8-93F1-0D4F29508603}.Release|Any CPU.Build.0 = Release|Any CPU
		{5242E9C8-0518-4154-BF7C-44FDDA64E924}.Debug|Any CPU.ActiveCfg = Debug|Any CPU
		{5242E9C8-0518-4154-BF7C-44FDDA64E924}.Debug|Any CPU.Build.0 = Debug|Any CPU
		{5242E9C8-0518-4154-BF7C-44FDDA64E924}.Release|Any CPU.ActiveCfg = Release|Any CPU
		{5242E9C8-0518-4154-BF7C-44FDDA64E924}.Release|Any CPU.Build.0 = Release|Any CPU
		{FD19C93D-2FB2-422C-9E92-32575894DE5D}.Debug|Any CPU.ActiveCfg = Debug|Any CPU
		{FD19C93D-2FB2-422C-9E92-32575894DE5D}.Debug|Any CPU.Build.0 = Debug|Any CPU
		{FD19C93D-2FB2-422C-9E92-32575894DE5D}.Release|Any CPU.ActiveCfg = Release|Any CPU
		{FD19C93D-2FB2-422C-9E92-32575894DE5D}.Release|Any CPU.Build.0 = Release|Any CPU
		{1BF9F5C7-56CF-48BC-B3DD-2A154DAA4E76}.Debug|Any CPU.ActiveCfg = Debug|Any CPU
		{1BF9F5C7-56CF-48BC-B3DD-2A154DAA4E76}.Debug|Any CPU.Build.0 = Debug|Any CPU
		{1BF9F5C7-56CF-48BC-B3DD-2A154DAA4E76}.Release|Any CPU.ActiveCfg = Release|Any CPU
		{1BF9F5C7-56CF-48BC-B3DD-2A154DAA4E76}.Release|Any CPU.Build.0 = Release|Any CPU
		{C3EE51D1-6F54-4272-8AAC-0F39D9B95053}.Debug|Any CPU.ActiveCfg = Debug|Any CPU
		{C3EE51D1-6F54-4272-8AAC-0F39D9B95053}.Debug|Any CPU.Build.0 = Debug|Any CPU
		{C3EE51D1-6F54-4272-8AAC-0F39D9B95053}.Release|Any CPU.ActiveCfg = Release|Any CPU
		{C3EE51D1-6F54-4272-8AAC-0F39D9B95053}.Release|Any CPU.Build.0 = Release|Any CPU
	EndGlobalSection
	GlobalSection(NestedProjects) = preSolution
		{0DE6CFF6-672A-4EE8-93F1-0D4F29508603} = {F069604A-51A6-481D-8356-DFD1BFE8F938}
		{5242E9C8-0518-4154-BF7C-44FDDA64E924} = {F069604A-51A6-481D-8356-DFD1BFE8F938}
		{FD19C93D-2FB2-422C-9E92-32575894DE5D} = {F069604A-51A6-481D-8356-DFD1BFE8F938}
		{1BF9F5C7-56CF-48BC-B3DD-2A154DAA4E76} = {F069604A-51A6-481D-8356-DFD1BFE8F938}
		{C3EE51D1-6F54-4272-8AAC-0F39D9B95053} = {F069604A-51A6-481D-8356-DFD1BFE8F938}
	EndGlobalSection
EndGlobal
